
Microsoft Visual Studio Solution File, Format Version 12.00
# Visual Studio Version 17
VisualStudioVersion = 17.7.34031.279
MinimumVisualStudioVersion = 10.0.40219.1
Project("{9A19103F-16F7-4668-BE54-9A1E7A4F7556}") = "MoviesWebApp", "MoviesWebApp.csproj", "{3168058F-C802-4952-9A2D-7EEF6F8A7A7E}"
EndProject
Global
	GlobalSection(SolutionConfigurationPlatforms) = preSolution
		Debug|Any CPU = Debug|Any CPU
		Release|Any CPU = Release|Any CPU
	EndGlobalSection
	GlobalSection(ProjectConfigurationPlatforms) = postSolution
		{3168058F-C802-4952-9A2D-7EEF6F8A7A7E}.Debug|Any CPU.ActiveCfg = Debug|Any CPU
		{3168058F-C802-4952-9A2D-7EEF6F8A7A7E}.Debug|Any CPU.Build.0 = Debug|Any CPU
		{3168058F-C802-4952-9A2D-7EEF6F8A7A7E}.Release|Any CPU.ActiveCfg = Release|Any CPU
		{3168058F-C802-4952-9A2D-7EEF6F8A7A7E}.Release|Any CPU.Build.0 = Release|Any CPU
	EndGlobalSection
	GlobalSection(SolutionProperties) = preSolution
		HideSolutionNode = FALSE
	EndGlobalSection
	GlobalSection(ExtensibilityGlobals) = postSolution
		SolutionGuid = {94B13876-9E54-48DC-8451-FABC25C3A067}
	EndGlobalSection
EndGlobal
